PODS:
  - Alamofire (4.0.1)
  - RevealingSplashView (0.0.9)
  - SwiftyJSON (3.1.1)

DEPENDENCIES:
  - Alamofire
  - RevealingSplashView
  - SwiftyJSON

SPEC CHECKSUMS:
  Alamofire: 7682d43245de14874acd142ec137b144aa1dd335
  RevealingSplashView: 80b880b8eb014ea01fa0d15a9da26ba40d31a714
  SwiftyJSON: f0be2e604f83e8405a624e9f891898bf6ed4e019

PODFILE CHECKSUM: c9e7b479c9568cedc0f59988f7d91afbc8e6feff

COCOAPODS: 1.1.0.rc.3
